
Microsoft Visual Studio Solution File, Format Version 12.00
# Visual Studio Version 16
VisualStudioVersion = 16.0.29920.165
MinimumVisualStudioVersion = 10.0.40219.1
Project("{FAE04EC0-301F-11D3-BF4B-00C04F79EFBC}") = "TestAppProjectReference-net45", "TestAppProjectReference-net45\TestAppProjectReference-net45.csproj", "{1A23DB16-2097-4BB1-8A62-0EF614539B0A}"
EndProject
Project("{9A19103F-16F7-4668-BE54-9A1E7A4F7556}") = "TestAppProjectReference", "TestAppProjectReference\TestAppProjectReference.csproj", "{04BB6316-B668-44F6-A67F-28453520D12D}"
EndProject
Project("{9A19103F-16F7-4668-BE54-9A1E7A4F7556}") = "FluentDragDrop", "FluentDragDrop\FluentDragDrop.csproj", "{E1C8F65D-84CC-474E-A7FE-C0891C15456B}"
EndProject
Project("{FAE04EC0-301F-11D3-BF4B-00C04F79EFBC}") = "FluentDragDrop-net45", "FluentDragDrop-net45\FluentDragDrop-net45.csproj", "{05DAD2B7-D198-42AF-9B06-BB38D171CED6}"
EndProject
Project("{9A19103F-16F7-4668-BE54-9A1E7A4F7556}") = "TestAppPackageReference", "TestAppPackageReference\TestAppPackageReference.csproj", "{B58B9B28-4A00-4E74-9DA3-07BABD52C7BB}"
EndProject
Project("{FAE04EC0-301F-11D3-BF4B-00C04F79EFBC}") = "TestAppPackageReference-net45", "TestAppPackageReference-net45\TestAppPackageReference-net45.csproj", "{2F92F8D0-3378-4FE5-82E3-A0F8A77CE223}"
EndProject
Global
	GlobalSection(SolutionConfigurationPlatforms) = preSolution
		Debug|Any CPU = Debug|Any CPU
		Release|Any CPU = Release|Any CPU
	EndGlobalSection
	GlobalSection(ProjectConfigurationPlatforms) = postSolution
		{1A23DB16-2097-4BB1-8A62-0EF614539B0A}.Debug|Any CPU.ActiveCfg = Debug|Any CPU
		{1A23DB16-2097-4BB1-8A62-0EF614539B0A}.Debug|Any CPU.Build.0 = Debug|Any CPU
		{1A23DB16-2097-4BB1-8A62-0EF614539B0A}.Release|Any CPU.ActiveCfg = Release|Any CPU
		{1A23DB16-2097-4BB1-8A62-0EF614539B0A}.Release|Any CPU.Build.0 = Release|Any CPU
		{04BB6316-B668-44F6-A67F-28453520D12D}.Debug|Any CPU.ActiveCfg = Debug|Any CPU
		{04BB6316-B668-44F6-A67F-28453520D12D}.Debug|Any CPU.Build.0 = Debug|Any CPU
		{04BB6316-B668-44F6-A67F-28453520D12D}.Release|Any CPU.ActiveCfg = Release|Any CPU
		{04BB6316-B668-44F6-A67F-28453520D12D}.Release|Any CPU.Build.0 = Release|Any CPU
		{E1C8F65D-84CC-474E-A7FE-C0891C15456B}.Debug|Any CPU.ActiveCfg = Debug|Any CPU
		{E1C8F65D-84CC-474E-A7FE-C0891C15456B}.Debug|Any CPU.Build.0 = Debug|Any CPU
		{E1C8F65D-84CC-474E-A7FE-C0891C15456B}.Release|Any CPU.ActiveCfg = Release|Any CPU
		{E1C8F65D-84CC-474E-A7FE-C0891C15456B}.Release|Any CPU.Build.0 = Release|Any CPU
		{05DAD2B7-D198-42AF-9B06-BB38D171CED6}.Debug|Any CPU.ActiveCfg = Debug|Any CPU
		{05DAD2B7-D198-42AF-9B06-BB38D171CED6}.Debug|Any CPU.Build.0 = Debug|Any CPU
		{05DAD2B7-D198-42AF-9B06-BB38D171CED6}.Release|Any CPU.ActiveCfg = Release|Any CPU
		{05DAD2B7-D198-42AF-9B06-BB38D171CED6}.Release|Any CPU.Build.0 = Release|Any CPU
		{B58B9B28-4A00-4E74-9DA3-07BABD52C7BB}.Debug|Any CPU.ActiveCfg = Debug|Any CPU
		{B58B9B28-4A00-4E74-9DA3-07BABD52C7BB}.Debug|Any CPU.Build.0 = Debug|Any CPU
		{B58B9B28-4A00-4E74-9DA3-07BABD52C7BB}.Release|Any CPU.ActiveCfg = Release|Any CPU
		{B58B9B28-4A00-4E74-9DA3-07BABD52C7BB}.Release|Any CPU.Build.0 = Release|Any CPU
		{2F92F8D0-3378-4FE5-82E3-A0F8A77CE223}.Debug|Any CPU.ActiveCfg = Debug|Any CPU
		{2F92F8D0-3378-4FE5-82E3-A0F8A77CE223}.Debug|Any CPU.Build.0 = Debug|Any CPU
		{2F92F8D0-3378-4FE5-82E3-A0F8A77CE223}.Release|Any CPU.ActiveCfg = Release|Any CPU
		{2F92F8D0-3378-4FE5-82E3-A0F8A77CE223}.Release|Any CPU.Build.0 = Release|Any CPU
	EndGlobalSection
	GlobalSection(SolutionProperties) = preSolution
		HideSolutionNode = FALSE
	EndGlobalSection
	GlobalSection(ExtensibilityGlobals) = postSolution
		SolutionGuid = {590189DC-2F22-40B8-8DFE-113554B7ABF8}
	EndGlobalSection
EndGlobal
