
Microsoft Visual Studio Solution File, Format Version 12.00
# Visual Studio Version 16
VisualStudioVersion = 16.0.29920.165
MinimumVisualStudioVersion = 10.0.40219.1
Project("{FAE04EC0-301F-11D3-BF4B-00C04F79EFBC}") = "FluentDragDropFullFramework", "FluentDragDropFullFramework\FluentDragDropFullFramework.csproj", "{1A23DB16-2097-4BB1-8A62-0EF614539B0A}"
EndProject
Global
	GlobalSection(SolutionConfigurationPlatforms) = preSolution
		Debug|Any CPU = Debug|Any CPU
		Release|Any CPU = Release|Any CPU
	EndGlobalSection
	GlobalSection(ProjectConfigurationPlatforms) = postSolution
		{1A23DB16-2097-4BB1-8A62-0EF614539B0A}.Debug|Any CPU.ActiveCfg = Debug|Any CPU
		{1A23DB16-2097-4BB1-8A62-0EF614539B0A}.Debug|Any CPU.Build.0 = Debug|Any CPU
		{1A23DB16-2097-4BB1-8A62-0EF614539B0A}.Release|Any CPU.ActiveCfg = Release|Any CPU
		{1A23DB16-2097-4BB1-8A62-0EF614539B0A}.Release|Any CPU.Build.0 = Release|Any CPU
	EndGlobalSection
	GlobalSection(SolutionProperties) = preSolution
		HideSolutionNode = FALSE
	EndGlobalSection
	GlobalSection(ExtensibilityGlobals) = postSolution
		SolutionGuid = {590189DC-2F22-40B8-8DFE-113554B7ABF8}
	EndGlobalSection
EndGlobal
