
Microsoft Visual Studio Solution File, Format Version 12.00
# Visual Studio Version 16
VisualStudioVersion = 16.0.29920.165
MinimumVisualStudioVersion = 10.0.40219.1
Project("{9A19103F-16F7-4668-BE54-9A1E7A4F7556}") = "FluentDragDrop", "FluentDragDrop\FluentDragDrop.csproj", "{E1C8F65D-84CC-474E-A7FE-C0891C15456B}"
EndProject
Project("{9A19103F-16F7-4668-BE54-9A1E7A4F7556}") = "FluentDragDropExample", "FluentDragDropExample\FluentDragDropExample.csproj", "{05DAD2B7-D198-42AF-9B06-BB38D171CED6}"
EndProject
Project("{9A19103F-16F7-4668-BE54-9A1E7A4F7556}") = "FluentDragDropNuGetExample", "FluentDragDropNuGetExample\FluentDragDropNuGetExample.csproj", "{AAF1A53A-37D3-4F0F-8070-73C00FEEE3ED}"
EndProject
Project("{9A19103F-16F7-4668-BE54-9A1E7A4F7556}") = "FluentDragDrop.Effects", "FluentDragDrop.Effects\FluentDragDrop.Effects.csproj", "{235526E7-9F8D-4EC7-8E5F-AE38D4753681}"
EndProject
Global
	GlobalSection(SolutionConfigurationPlatforms) = preSolution
		Debug|Any CPU = Debug|Any CPU
		Release|Any CPU = Release|Any CPU
	EndGlobalSection
	GlobalSection(ProjectConfigurationPlatforms) = postSolution
		{E1C8F65D-84CC-474E-A7FE-C0891C15456B}.Debug|Any CPU.ActiveCfg = Debug|Any CPU
		{E1C8F65D-84CC-474E-A7FE-C0891C15456B}.Debug|Any CPU.Build.0 = Debug|Any CPU
		{E1C8F65D-84CC-474E-A7FE-C0891C15456B}.Release|Any CPU.ActiveCfg = Release|Any CPU
		{E1C8F65D-84CC-474E-A7FE-C0891C15456B}.Release|Any CPU.Build.0 = Release|Any CPU
		{05DAD2B7-D198-42AF-9B06-BB38D171CED6}.Debug|Any CPU.ActiveCfg = Debug|Any CPU
		{05DAD2B7-D198-42AF-9B06-BB38D171CED6}.Debug|Any CPU.Build.0 = Debug|Any CPU
		{05DAD2B7-D198-42AF-9B06-BB38D171CED6}.Release|Any CPU.ActiveCfg = Release|Any CPU
		{05DAD2B7-D198-42AF-9B06-BB38D171CED6}.Release|Any CPU.Build.0 = Release|Any CPU
		{AAF1A53A-37D3-4F0F-8070-73C00FEEE3ED}.Debug|Any CPU.ActiveCfg = Debug|Any CPU
		{AAF1A53A-37D3-4F0F-8070-73C00FEEE3ED}.Debug|Any CPU.Build.0 = Debug|Any CPU
		{AAF1A53A-37D3-4F0F-8070-73C00FEEE3ED}.Release|Any CPU.ActiveCfg = Release|Any CPU
		{AAF1A53A-37D3-4F0F-8070-73C00FEEE3ED}.Release|Any CPU.Build.0 = Release|Any CPU
		{235526E7-9F8D-4EC7-8E5F-AE38D4753681}.Debug|Any CPU.ActiveCfg = Debug|Any CPU
		{235526E7-9F8D-4EC7-8E5F-AE38D4753681}.Debug|Any CPU.Build.0 = Debug|Any CPU
		{235526E7-9F8D-4EC7-8E5F-AE38D4753681}.Release|Any CPU.ActiveCfg = Release|Any CPU
		{235526E7-9F8D-4EC7-8E5F-AE38D4753681}.Release|Any CPU.Build.0 = Release|Any CPU
	EndGlobalSection
	GlobalSection(SolutionProperties) = preSolution
		HideSolutionNode = FALSE
	EndGlobalSection
	GlobalSection(ExtensibilityGlobals) = postSolution
		SolutionGuid = {590189DC-2F22-40B8-8DFE-113554B7ABF8}
	EndGlobalSection
EndGlobal
